<?xml version="1.0" encoding="utf-8"?>
<Project ToolsVersion="4.0" xmlns="http://schemas.microsoft.com/developer/msbuild/2003">
  <ItemGroup>
    <ClCompile Include="test\Main.cpp" />
  </ItemGroup>
  <ItemGroup>
    <Filter Include="shaders">
      <UniqueIdentifier>{de234d87-43e0-42a3-acf5-59a348dbf39b}</UniqueIdentifier>
    </Filter>
    <Filter Include="models">
      <UniqueIdentifier>{f17ab299-94c2-4c20-932a-332673037728}</UniqueIdentifier>
    </Filter>
  </ItemGroup>
  <ItemGroup>
    <None Include="test\models\cube.ply">
      <Filter>models</Filter>
    </None>
    <None Include="test\models\monkey.ply">
      <Filter>models</Filter>
    </None>
    <None Include="test\models\tree.ply">
      <Filter>models</Filter>
    </None>
    <None Include="test\shaders\base.frag">
      <Filter>shaders</Filter>
    </None>
    <None Include="test\shaders\base.vert">
      <Filter>shaders</Filter>
    </None>
  </ItemGroup>
</Project>