
Microsoft Visual Studio Solution File, Format Version 12.00
# Visual Studio 15
VisualStudioVersion = 15.0.26730.12
MinimumVisualStudioVersion = 10.0.40219.1
Project("{8BC9CEB8-8B4A-11D0-8D11-00A0C91BC942}") = "LowPolyEngine", "LowPolyEngine.vcxproj", "{A1E50D46-0E66-4AC7-B5C4-440A0D45E1E2}"
	ProjectSection(ProjectDependencies) = postProject
		{EB7A010E-CFA2-332D-9A20-E6F5EB80FEE0} = {EB7A010E-CFA2-332D-9A20-E6F5EB80FEE0}
	EndProjectSection
EndProject
Project("{8BC9CEB8-8B4A-11D0-8D11-00A0C91BC942}") = "LowPolyEngine.Test", "LowPolyEngine.Test.vcxproj", "{A39D9C10-C89E-4E8C-AEED-EBCCA7993766}"
	ProjectSection(ProjectDependencies) = postProject
		{EB7A010E-CFA2-332D-9A20-E6F5EB80FEE0} = {EB7A010E-CFA2-332D-9A20-E6F5EB80FEE0}
		{A1E50D46-0E66-4AC7-B5C4-440A0D45E1E2} = {A1E50D46-0E66-4AC7-B5C4-440A0D45E1E2}
	EndProjectSection
EndProject
Project("{8BC9CEB8-8B4A-11D0-8D11-00A0C91BC942}") = "glfw", "external\glfw\src\glfw.vcxproj", "{EB7A010E-CFA2-332D-9A20-E6F5EB80FEE0}"
EndProject
Global
	GlobalSection(SolutionConfigurationPlatforms) = preSolution
		Debug|x64 = Debug|x64
		Debug|x86 = Debug|x86
		MinSizeRel|x64 = MinSizeRel|x64
		MinSizeRel|x86 = MinSizeRel|x86
		Release|x64 = Release|x64
		Release|x86 = Release|x86
		RelWithDebInfo|x64 = RelWithDebInfo|x64
		RelWithDebInfo|x86 = RelWithDebInfo|x86
	EndGlobalSection
	GlobalSection(ProjectConfigurationPlatforms) = postSolution
		{A1E50D46-0E66-4AC7-B5C4-440A0D45E1E2}.Debug|x64.ActiveCfg = Debug|x64
		{A1E50D46-0E66-4AC7-B5C4-440A0D45E1E2}.Debug|x64.Build.0 = Debug|x64
		{A1E50D46-0E66-4AC7-B5C4-440A0D45E1E2}.Debug|x86.ActiveCfg = Debug|Win32
		{A1E50D46-0E66-4AC7-B5C4-440A0D45E1E2}.Debug|x86.Build.0 = Debug|Win32
		{A1E50D46-0E66-4AC7-B5C4-440A0D45E1E2}.MinSizeRel|x64.ActiveCfg = Release|x64
		{A1E50D46-0E66-4AC7-B5C4-440A0D45E1E2}.MinSizeRel|x64.Build.0 = Release|x64
		{A1E50D46-0E66-4AC7-B5C4-440A0D45E1E2}.MinSizeRel|x86.ActiveCfg = Release|Win32
		{A1E50D46-0E66-4AC7-B5C4-440A0D45E1E2}.MinSizeRel|x86.Build.0 = Release|Win32
		{A1E50D46-0E66-4AC7-B5C4-440A0D45E1E2}.Release|x64.ActiveCfg = Release|x64
		{A1E50D46-0E66-4AC7-B5C4-440A0D45E1E2}.Release|x64.Build.0 = Release|x64
		{A1E50D46-0E66-4AC7-B5C4-440A0D45E1E2}.Release|x86.ActiveCfg = Release|Win32
		{A1E50D46-0E66-4AC7-B5C4-440A0D45E1E2}.Release|x86.Build.0 = Release|Win32
		{A1E50D46-0E66-4AC7-B5C4-440A0D45E1E2}.RelWithDebInfo|x64.ActiveCfg = Release|x64
		{A1E50D46-0E66-4AC7-B5C4-440A0D45E1E2}.RelWithDebInfo|x64.Build.0 = Release|x64
		{A1E50D46-0E66-4AC7-B5C4-440A0D45E1E2}.RelWithDebInfo|x86.ActiveCfg = Release|Win32
		{A1E50D46-0E66-4AC7-B5C4-440A0D45E1E2}.RelWithDebInfo|x86.Build.0 = Release|Win32
		{A39D9C10-C89E-4E8C-AEED-EBCCA7993766}.Debug|x64.ActiveCfg = Debug|x64
		{A39D9C10-C89E-4E8C-AEED-EBCCA7993766}.Debug|x64.Build.0 = Debug|x64
		{A39D9C10-C89E-4E8C-AEED-EBCCA7993766}.Debug|x86.ActiveCfg = Debug|Win32
		{A39D9C10-C89E-4E8C-AEED-EBCCA7993766}.Debug|x86.Build.0 = Debug|Win32
		{A39D9C10-C89E-4E8C-AEED-EBCCA7993766}.MinSizeRel|x64.ActiveCfg = Release|x64
		{A39D9C10-C89E-4E8C-AEED-EBCCA7993766}.MinSizeRel|x64.Build.0 = Release|x64
		{A39D9C10-C89E-4E8C-AEED-EBCCA7993766}.MinSizeRel|x86.ActiveCfg = Release|Win32
		{A39D9C10-C89E-4E8C-AEED-EBCCA7993766}.MinSizeRel|x86.Build.0 = Release|Win32
		{A39D9C10-C89E-4E8C-AEED-EBCCA7993766}.Release|x64.ActiveCfg = Release|x64
		{A39D9C10-C89E-4E8C-AEED-EBCCA7993766}.Release|x64.Build.0 = Release|x64
		{A39D9C10-C89E-4E8C-AEED-EBCCA7993766}.Release|x86.ActiveCfg = Release|Win32
		{A39D9C10-C89E-4E8C-AEED-EBCCA7993766}.Release|x86.Build.0 = Release|Win32
		{A39D9C10-C89E-4E8C-AEED-EBCCA7993766}.RelWithDebInfo|x64.ActiveCfg = Release|x64
		{A39D9C10-C89E-4E8C-AEED-EBCCA7993766}.RelWithDebInfo|x64.Build.0 = Release|x64
		{A39D9C10-C89E-4E8C-AEED-EBCCA7993766}.RelWithDebInfo|x86.ActiveCfg = Release|Win32
		{A39D9C10-C89E-4E8C-AEED-EBCCA7993766}.RelWithDebInfo|x86.Build.0 = Release|Win32
		{EB7A010E-CFA2-332D-9A20-E6F5EB80FEE0}.Debug|x64.ActiveCfg = Debug|x64
		{EB7A010E-CFA2-332D-9A20-E6F5EB80FEE0}.Debug|x64.Build.0 = Debug|x64
		{EB7A010E-CFA2-332D-9A20-E6F5EB80FEE0}.Debug|x64.Deploy.0 = Debug|x64
		{EB7A010E-CFA2-332D-9A20-E6F5EB80FEE0}.Debug|x86.ActiveCfg = Debug|Win32
		{EB7A010E-CFA2-332D-9A20-E6F5EB80FEE0}.Debug|x86.Build.0 = Debug|Win32
		{EB7A010E-CFA2-332D-9A20-E6F5EB80FEE0}.MinSizeRel|x64.ActiveCfg = MinSizeRel|Win32
		{EB7A010E-CFA2-332D-9A20-E6F5EB80FEE0}.MinSizeRel|x86.ActiveCfg = MinSizeRel|Win32
		{EB7A010E-CFA2-332D-9A20-E6F5EB80FEE0}.MinSizeRel|x86.Build.0 = MinSizeRel|Win32
		{EB7A010E-CFA2-332D-9A20-E6F5EB80FEE0}.Release|x64.ActiveCfg = Release|Win32
		{EB7A010E-CFA2-332D-9A20-E6F5EB80FEE0}.Release|x86.ActiveCfg = Release|Win32
		{EB7A010E-CFA2-332D-9A20-E6F5EB80FEE0}.Release|x86.Build.0 = Release|Win32
		{EB7A010E-CFA2-332D-9A20-E6F5EB80FEE0}.RelWithDebInfo|x64.ActiveCfg = RelWithDebInfo|Win32
		{EB7A010E-CFA2-332D-9A20-E6F5EB80FEE0}.RelWithDebInfo|x86.ActiveCfg = RelWithDebInfo|Win32
		{EB7A010E-CFA2-332D-9A20-E6F5EB80FEE0}.RelWithDebInfo|x86.Build.0 = RelWithDebInfo|Win32
	EndGlobalSection
	GlobalSection(SolutionProperties) = preSolution
		HideSolutionNode = FALSE
	EndGlobalSection
	GlobalSection(ExtensibilityGlobals) = postSolution
		SolutionGuid = {5444AB1A-13A8-41FB-BF8E-3AD2C97AEC24}
	EndGlobalSection
EndGlobal
